
Microsoft Visual Studio Solution File, Format Version 12.00
# Visual Studio Version 16
VisualStudioVersion = 16.0.31624.102
MinimumVisualStudioVersion = 10.0.40219.1
Project("{2150E333-8FDC-42A3-9474-1A3956D46DE8}") = "016 LogicalOperators", "016 LogicalOperators", "{47E253E1-FAE3-4D40-92FA-9D780B0FE9BF}"
EndProject
Project("{2150E333-8FDC-42A3-9474-1A3956D46DE8}") = "017 BitOperators", "017 BitOperators", "{0AF1B62C-11C4-462B-854C-415AD766A65C}"
EndProject
Project("{2150E333-8FDC-42A3-9474-1A3956D46DE8}") = "001 Hello_CJ", "001 Hello_CJ", "{A349615E-D70F-4070-B705-DD9959A9EC95}"
EndProject
Project("{2150E333-8FDC-42A3-9474-1A3956D46DE8}") = "002 NumericOperations", "002 NumericOperations", "{A699AE8B-4198-42E8-B625-E8CA9088B696}"
EndProject
Project("{2150E333-8FDC-42A3-9474-1A3956D46DE8}") = "003 Variables", "003 Variables", "{33298FEE-8E9D-4DFA-93AA-2D5542BE8E93}"
EndProject
Project("{2150E333-8FDC-42A3-9474-1A3956D46DE8}") = "004 Musical_Scale", "004 Musical_Scale", "{46B83F4D-C6F3-450A-B7D1-0B78FC22B7D3}"
EndProject
Project("{2150E333-8FDC-42A3-9474-1A3956D46DE8}") = "012 ArithmeticOperators", "012 ArithmeticOperators", "{119EBB64-EB3F-4CAC-BE01-D27D0BFFC717}"
EndProject
Project("{2150E333-8FDC-42A3-9474-1A3956D46DE8}") = "018 Variable Creation Rules", "018 Variable Creation Rules", "{5AC7CEFD-B765-4B46-84D3-C27525F835E0}"
EndProject
Project("{2150E333-8FDC-42A3-9474-1A3956D46DE8}") = "019 Scope", "019 Scope", "{AE31C59B-53D3-4508-B463-CCD2ABA9A6BC}"
EndProject
Project("{2150E333-8FDC-42A3-9474-1A3956D46DE8}") = "020 WindowVulnerability", "020 WindowVulnerability", "{95C50A7C-3235-4945-A6B4-B62DB55FD338}"
EndProject
Project("{9A19103F-16F7-4668-BE54-9A1E7A4F7556}") = "017 BitOperations Part1", "017 BitOperations\017 BitOperations Part1.csproj", "{16AB27C4-0F97-482F-A000-F81D1EA5AD57}"
EndProject
Project("{9A19103F-16F7-4668-BE54-9A1E7A4F7556}") = "017 BitOperations Part2", "017 BitOperations Part2\017 BitOperations Part2.csproj", "{0F1AF0F5-B32D-4D74-AC4B-8C5332AB04E5}"
EndProject
Project("{9A19103F-16F7-4668-BE54-9A1E7A4F7556}") = "001 Hello_CJ", "001 Hello_CJ\001 Hello_CJ.csproj", "{E38D931C-D31E-4B73-8829-2CB7A8A49469}"
EndProject
Project("{9A19103F-16F7-4668-BE54-9A1E7A4F7556}") = "002 NumericOperations", "002 NumericOperations\002 NumericOperations.csproj", "{D368A3BF-5247-4327-9247-5F288FF7A4D0}"
EndProject
Project("{9A19103F-16F7-4668-BE54-9A1E7A4F7556}") = "003 Variables", "003 Variables\003 Variables.csproj", "{D6F9D2FF-5C56-412F-AE84-08FC0B297247}"
EndProject
Project("{9A19103F-16F7-4668-BE54-9A1E7A4F7556}") = "004 Musical_Scale", "004 Musical_Scale\004 Musical_Scale.csproj", "{E7087416-5B6A-43B3-844B-1EAAFDA6DD23}"
EndProject
Project("{9A19103F-16F7-4668-BE54-9A1E7A4F7556}") = "012 ArithmeticOperators", "012 ArithmeticOperators\012 ArithmeticOperators.csproj", "{739E2DA3-3ED4-4C36-86B3-DD3C18C3638B}"
EndProject
Project("{FAE04EC0-301F-11D3-BF4B-00C04F79EFBC}") = "016 LogicalOperators Part 1", "016 LogicalOperators\016 LogicalOperators Part 1.csproj", "{AFC3A096-D4D7-415E-A048-DFBC6DE8D11D}"
EndProject
Project("{9A19103F-16F7-4668-BE54-9A1E7A4F7556}") = "016 LogicalOperators Part 2 Award", "016 LogicalOperators Part 2 Award\016 LogicalOperators Part 2 Award.csproj", "{BAD3830C-93D1-42A7-965D-9A171F073077}"
EndProject
Project("{9A19103F-16F7-4668-BE54-9A1E7A4F7556}") = "018 Variable Creation Rules", "018 Variable Creation Rules\018 Variable Creation Rules.csproj", "{549764A8-CA2F-4DBC-8394-179B7027A6CE}"
EndProject
Project("{FAE04EC0-301F-11D3-BF4B-00C04F79EFBC}") = "019 Scope", "019 Scope\019 Scope.csproj", "{DE078977-5662-47D2-9A27-F33FBA26E280}"
EndProject
Project("{FAE04EC0-301F-11D3-BF4B-00C04F79EFBC}") = "020 WindowVulnerability", "020 WindowVulnerability\020 WindowVulnerability.csproj", "{8456A0E5-9E2D-4FD6-A3A4-E3DE958EC1D8}"
EndProject
Project("{2150E333-8FDC-42A3-9474-1A3956D46DE8}") = "021 Constant", "021 Constant", "{E882F97C-2768-43AD-8AA6-A59BB09AB70C}"
EndProject
Project("{FAE04EC0-301F-11D3-BF4B-00C04F79EFBC}") = "021 Constant", "021 Constant\021 Constant.csproj", "{85799BD0-8BFD-48EB-8667-7F59643AF14A}"
EndProject
Global
	GlobalSection(SolutionConfigurationPlatforms) = preSolution
		Debug|Any CPU = Debug|Any CPU
		Release|Any CPU = Release|Any CPU
	EndGlobalSection
	GlobalSection(ProjectConfigurationPlatforms) = postSolution
		{16AB27C4-0F97-482F-A000-F81D1EA5AD57}.Debug|Any CPU.ActiveCfg = Debug|Any CPU
		{16AB27C4-0F97-482F-A000-F81D1EA5AD57}.Debug|Any CPU.Build.0 = Debug|Any CPU
		{16AB27C4-0F97-482F-A000-F81D1EA5AD57}.Release|Any CPU.ActiveCfg = Release|Any CPU
		{16AB27C4-0F97-482F-A000-F81D1EA5AD57}.Release|Any CPU.Build.0 = Release|Any CPU
		{0F1AF0F5-B32D-4D74-AC4B-8C5332AB04E5}.Debug|Any CPU.ActiveCfg = Debug|Any CPU
		{0F1AF0F5-B32D-4D74-AC4B-8C5332AB04E5}.Debug|Any CPU.Build.0 = Debug|Any CPU
		{0F1AF0F5-B32D-4D74-AC4B-8C5332AB04E5}.Release|Any CPU.ActiveCfg = Release|Any CPU
		{0F1AF0F5-B32D-4D74-AC4B-8C5332AB04E5}.Release|Any CPU.Build.0 = Release|Any CPU
		{E38D931C-D31E-4B73-8829-2CB7A8A49469}.Debug|Any CPU.ActiveCfg = Debug|Any CPU
		{E38D931C-D31E-4B73-8829-2CB7A8A49469}.Debug|Any CPU.Build.0 = Debug|Any CPU
		{E38D931C-D31E-4B73-8829-2CB7A8A49469}.Release|Any CPU.ActiveCfg = Release|Any CPU
		{E38D931C-D31E-4B73-8829-2CB7A8A49469}.Release|Any CPU.Build.0 = Release|Any CPU
		{D368A3BF-5247-4327-9247-5F288FF7A4D0}.Debug|Any CPU.ActiveCfg = Debug|Any CPU
		{D368A3BF-5247-4327-9247-5F288FF7A4D0}.Debug|Any CPU.Build.0 = Debug|Any CPU
		{D368A3BF-5247-4327-9247-5F288FF7A4D0}.Release|Any CPU.ActiveCfg = Release|Any CPU
		{D368A3BF-5247-4327-9247-5F288FF7A4D0}.Release|Any CPU.Build.0 = Release|Any CPU
		{D6F9D2FF-5C56-412F-AE84-08FC0B297247}.Debug|Any CPU.ActiveCfg = Debug|Any CPU
		{D6F9D2FF-5C56-412F-AE84-08FC0B297247}.Debug|Any CPU.Build.0 = Debug|Any CPU
		{D6F9D2FF-5C56-412F-AE84-08FC0B297247}.Release|Any CPU.ActiveCfg = Release|Any CPU
		{D6F9D2FF-5C56-412F-AE84-08FC0B297247}.Release|Any CPU.Build.0 = Release|Any CPU
		{E7087416-5B6A-43B3-844B-1EAAFDA6DD23}.Debug|Any CPU.ActiveCfg = Debug|Any CPU
		{E7087416-5B6A-43B3-844B-1EAAFDA6DD23}.Debug|Any CPU.Build.0 = Debug|Any CPU
		{E7087416-5B6A-43B3-844B-1EAAFDA6DD23}.Release|Any CPU.ActiveCfg = Release|Any CPU
		{E7087416-5B6A-43B3-844B-1EAAFDA6DD23}.Release|Any CPU.Build.0 = Release|Any CPU
		{739E2DA3-3ED4-4C36-86B3-DD3C18C3638B}.Debug|Any CPU.ActiveCfg = Debug|Any CPU
		{739E2DA3-3ED4-4C36-86B3-DD3C18C3638B}.Debug|Any CPU.Build.0 = Debug|Any CPU
		{739E2DA3-3ED4-4C36-86B3-DD3C18C3638B}.Release|Any CPU.ActiveCfg = Release|Any CPU
		{739E2DA3-3ED4-4C36-86B3-DD3C18C3638B}.Release|Any CPU.Build.0 = Release|Any CPU
		{AFC3A096-D4D7-415E-A048-DFBC6DE8D11D}.Debug|Any CPU.ActiveCfg = Debug|Any CPU
		{AFC3A096-D4D7-415E-A048-DFBC6DE8D11D}.Debug|Any CPU.Build.0 = Debug|Any CPU
		{AFC3A096-D4D7-415E-A048-DFBC6DE8D11D}.Release|Any CPU.ActiveCfg = Release|Any CPU
		{AFC3A096-D4D7-415E-A048-DFBC6DE8D11D}.Release|Any CPU.Build.0 = Release|Any CPU
		{BAD3830C-93D1-42A7-965D-9A171F073077}.Debug|Any CPU.ActiveCfg = Debug|Any CPU
		{BAD3830C-93D1-42A7-965D-9A171F073077}.Debug|Any CPU.Build.0 = Debug|Any CPU
		{BAD3830C-93D1-42A7-965D-9A171F073077}.Release|Any CPU.ActiveCfg = Release|Any CPU
		{BAD3830C-93D1-42A7-965D-9A171F073077}.Release|Any CPU.Build.0 = Release|Any CPU
		{549764A8-CA2F-4DBC-8394-179B7027A6CE}.Debug|Any CPU.ActiveCfg = Debug|Any CPU
		{549764A8-CA2F-4DBC-8394-179B7027A6CE}.Debug|Any CPU.Build.0 = Debug|Any CPU
		{549764A8-CA2F-4DBC-8394-179B7027A6CE}.Release|Any CPU.ActiveCfg = Release|Any CPU
		{549764A8-CA2F-4DBC-8394-179B7027A6CE}.Release|Any CPU.Build.0 = Release|Any CPU
		{DE078977-5662-47D2-9A27-F33FBA26E280}.Debug|Any CPU.ActiveCfg = Debug|Any CPU
		{DE078977-5662-47D2-9A27-F33FBA26E280}.Debug|Any CPU.Build.0 = Debug|Any CPU
		{DE078977-5662-47D2-9A27-F33FBA26E280}.Release|Any CPU.ActiveCfg = Release|Any CPU
		{DE078977-5662-47D2-9A27-F33FBA26E280}.Release|Any CPU.Build.0 = Release|Any CPU
		{8456A0E5-9E2D-4FD6-A3A4-E3DE958EC1D8}.Debug|Any CPU.ActiveCfg = Debug|Any CPU
		{8456A0E5-9E2D-4FD6-A3A4-E3DE958EC1D8}.Debug|Any CPU.Build.0 = Debug|Any CPU
		{8456A0E5-9E2D-4FD6-A3A4-E3DE958EC1D8}.Release|Any CPU.ActiveCfg = Release|Any CPU
		{8456A0E5-9E2D-4FD6-A3A4-E3DE958EC1D8}.Release|Any CPU.Build.0 = Release|Any CPU
		{85799BD0-8BFD-48EB-8667-7F59643AF14A}.Debug|Any CPU.ActiveCfg = Debug|Any CPU
		{85799BD0-8BFD-48EB-8667-7F59643AF14A}.Debug|Any CPU.Build.0 = Debug|Any CPU
		{85799BD0-8BFD-48EB-8667-7F59643AF14A}.Release|Any CPU.ActiveCfg = Release|Any CPU
		{85799BD0-8BFD-48EB-8667-7F59643AF14A}.Release|Any CPU.Build.0 = Release|Any CPU
	EndGlobalSection
	GlobalSection(SolutionProperties) = preSolution
		HideSolutionNode = FALSE
	EndGlobalSection
	GlobalSection(NestedProjects) = preSolution
		{16AB27C4-0F97-482F-A000-F81D1EA5AD57} = {0AF1B62C-11C4-462B-854C-415AD766A65C}
		{0F1AF0F5-B32D-4D74-AC4B-8C5332AB04E5} = {0AF1B62C-11C4-462B-854C-415AD766A65C}
		{E38D931C-D31E-4B73-8829-2CB7A8A49469} = {A349615E-D70F-4070-B705-DD9959A9EC95}
		{D368A3BF-5247-4327-9247-5F288FF7A4D0} = {A699AE8B-4198-42E8-B625-E8CA9088B696}
		{D6F9D2FF-5C56-412F-AE84-08FC0B297247} = {33298FEE-8E9D-4DFA-93AA-2D5542BE8E93}
		{E7087416-5B6A-43B3-844B-1EAAFDA6DD23} = {46B83F4D-C6F3-450A-B7D1-0B78FC22B7D3}
		{739E2DA3-3ED4-4C36-86B3-DD3C18C3638B} = {119EBB64-EB3F-4CAC-BE01-D27D0BFFC717}
		{AFC3A096-D4D7-415E-A048-DFBC6DE8D11D} = {47E253E1-FAE3-4D40-92FA-9D780B0FE9BF}
		{BAD3830C-93D1-42A7-965D-9A171F073077} = {47E253E1-FAE3-4D40-92FA-9D780B0FE9BF}
		{549764A8-CA2F-4DBC-8394-179B7027A6CE} = {5AC7CEFD-B765-4B46-84D3-C27525F835E0}
		{DE078977-5662-47D2-9A27-F33FBA26E280} = {AE31C59B-53D3-4508-B463-CCD2ABA9A6BC}
		{8456A0E5-9E2D-4FD6-A3A4-E3DE958EC1D8} = {95C50A7C-3235-4945-A6B4-B62DB55FD338}
		{85799BD0-8BFD-48EB-8667-7F59643AF14A} = {E882F97C-2768-43AD-8AA6-A59BB09AB70C}
	EndGlobalSection
	GlobalSection(ExtensibilityGlobals) = postSolution
		SolutionGuid = {8216C72B-B412-4BBA-9633-653E9A2C6B0A}
	EndGlobalSection
EndGlobal
