
Microsoft Visual Studio Solution File, Format Version 12.00
# Visual Studio Version 16
VisualStudioVersion = 16.0.31624.102
MinimumVisualStudioVersion = 10.0.40219.1
Project("{9A19103F-16F7-4668-BE54-9A1E7A4F7556}") = "003 Variables", "Variables\003 Variables.csproj", "{A10E25B2-4D21-4AF6-AED3-2BC0F52D5C06}"
EndProject
Project("{9A19103F-16F7-4668-BE54-9A1E7A4F7556}") = "005 ArithmeticOperators", "ArithmeticOperators\005 ArithmeticOperators.csproj", "{5D62DCE8-C558-4602-B502-88BC53C32FA7}"
EndProject
Project("{9A19103F-16F7-4668-BE54-9A1E7A4F7556}") = "001 Hello_CJ", "Hello_CJ\001 Hello_CJ.csproj", "{34AC4132-D267-401B-A3DC-68A2D4C79AC6}"
EndProject
Project("{9A19103F-16F7-4668-BE54-9A1E7A4F7556}") = "002 NumericOperations", "NumericOperations\002 NumericOperations.csproj", "{61A07AB7-DAA8-4199-89DC-602E075DAF38}"
EndProject
Project("{9A19103F-16F7-4668-BE54-9A1E7A4F7556}") = "004 Musical_Scale", "Musical_Scale\004 Musical_Scale.csproj", "{512ADA04-B7E0-4C24-9851-A710884A24B2}"
EndProject
Project("{FAE04EC0-301F-11D3-BF4B-00C04F79EFBC}") = "006 LogicalOperators Part 1", "LogicalOperators\006 LogicalOperators Part 1.csproj", "{AFC3A096-D4D7-415E-A048-DFBC6DE8D11D}"
EndProject
Project("{9A19103F-16F7-4668-BE54-9A1E7A4F7556}") = "006 LogicalOperators Part 2 Award", "006 LogicalOperators Part 2 Award\006 LogicalOperators Part 2 Award.csproj", "{99D2CDB3-4251-4113-985D-A03895E75CCB}"
EndProject
Project("{9A19103F-16F7-4668-BE54-9A1E7A4F7556}") = "007 BitOperations Part1", "007BitOperations\007 BitOperations Part1.csproj", "{987B789A-54D3-475E-9C6D-9B6DD5C0C7D9}"
EndProject
Project("{2150E333-8FDC-42A3-9474-1A3956D46DE8}") = "006 LogicalOperators", "006 LogicalOperators", "{47E253E1-FAE3-4D40-92FA-9D780B0FE9BF}"
EndProject
Project("{2150E333-8FDC-42A3-9474-1A3956D46DE8}") = "007 BitOperators", "007 BitOperators", "{0AF1B62C-11C4-462B-854C-415AD766A65C}"
EndProject
Project("{2150E333-8FDC-42A3-9474-1A3956D46DE8}") = "001 Hello_CJ", "001 Hello_CJ", "{A349615E-D70F-4070-B705-DD9959A9EC95}"
EndProject
Project("{2150E333-8FDC-42A3-9474-1A3956D46DE8}") = "002 NumericOperations", "002 NumericOperations", "{A699AE8B-4198-42E8-B625-E8CA9088B696}"
EndProject
Project("{2150E333-8FDC-42A3-9474-1A3956D46DE8}") = "003 Variables", "003 Variables", "{33298FEE-8E9D-4DFA-93AA-2D5542BE8E93}"
EndProject
Project("{2150E333-8FDC-42A3-9474-1A3956D46DE8}") = "004 Musical_Scale", "004 Musical_Scale", "{46B83F4D-C6F3-450A-B7D1-0B78FC22B7D3}"
EndProject
Project("{2150E333-8FDC-42A3-9474-1A3956D46DE8}") = "005 ArithmeticOperators", "005 ArithmeticOperators", "{119EBB64-EB3F-4CAC-BE01-D27D0BFFC717}"
EndProject
Project("{9A19103F-16F7-4668-BE54-9A1E7A4F7556}") = "007 BitOperations Part2", "007 BitOperations Part2\007 BitOperations Part2.csproj", "{83C52F2C-5CEC-4A55-B164-5E26D4BC2377}"
EndProject
Project("{2150E333-8FDC-42A3-9474-1A3956D46DE8}") = "008 Variable Creation Rules", "008 Variable Creation Rules", "{5AC7CEFD-B765-4B46-84D3-C27525F835E0}"
EndProject
Project("{9A19103F-16F7-4668-BE54-9A1E7A4F7556}") = "Variable Creation Rules", "Variable Creation Rules\Variable Creation Rules.csproj", "{1D944C0C-DA51-429B-95D2-5B334F262354}"
EndProject
Project("{2150E333-8FDC-42A3-9474-1A3956D46DE8}") = "009 Scope", "009 Scope", "{AE31C59B-53D3-4508-B463-CCD2ABA9A6BC}"
EndProject
Project("{FAE04EC0-301F-11D3-BF4B-00C04F79EFBC}") = "Scope", "Scope\Scope.csproj", "{DE078977-5662-47D2-9A27-F33FBA26E280}"
EndProject
Project("{2150E333-8FDC-42A3-9474-1A3956D46DE8}") = "020 WindowVulnerability", "020 WindowVulnerability", "{95C50A7C-3235-4945-A6B4-B62DB55FD338}"
EndProject
Project("{FAE04EC0-301F-11D3-BF4B-00C04F79EFBC}") = "WindowVulnerability", "WindowVulnerability\WindowVulnerability.csproj", "{8456A0E5-9E2D-4FD6-A3A4-E3DE958EC1D8}"
EndProject
Global
	GlobalSection(SolutionConfigurationPlatforms) = preSolution
		Debug|Any CPU = Debug|Any CPU
		Release|Any CPU = Release|Any CPU
	EndGlobalSection
	GlobalSection(ProjectConfigurationPlatforms) = postSolution
		{A10E25B2-4D21-4AF6-AED3-2BC0F52D5C06}.Debug|Any CPU.ActiveCfg = Debug|Any CPU
		{A10E25B2-4D21-4AF6-AED3-2BC0F52D5C06}.Debug|Any CPU.Build.0 = Debug|Any CPU
		{A10E25B2-4D21-4AF6-AED3-2BC0F52D5C06}.Release|Any CPU.ActiveCfg = Release|Any CPU
		{A10E25B2-4D21-4AF6-AED3-2BC0F52D5C06}.Release|Any CPU.Build.0 = Release|Any CPU
		{5D62DCE8-C558-4602-B502-88BC53C32FA7}.Debug|Any CPU.ActiveCfg = Debug|Any CPU
		{5D62DCE8-C558-4602-B502-88BC53C32FA7}.Debug|Any CPU.Build.0 = Debug|Any CPU
		{5D62DCE8-C558-4602-B502-88BC53C32FA7}.Release|Any CPU.ActiveCfg = Release|Any CPU
		{5D62DCE8-C558-4602-B502-88BC53C32FA7}.Release|Any CPU.Build.0 = Release|Any CPU
		{34AC4132-D267-401B-A3DC-68A2D4C79AC6}.Debug|Any CPU.ActiveCfg = Debug|Any CPU
		{34AC4132-D267-401B-A3DC-68A2D4C79AC6}.Debug|Any CPU.Build.0 = Debug|Any CPU
		{34AC4132-D267-401B-A3DC-68A2D4C79AC6}.Release|Any CPU.ActiveCfg = Release|Any CPU
		{34AC4132-D267-401B-A3DC-68A2D4C79AC6}.Release|Any CPU.Build.0 = Release|Any CPU
		{61A07AB7-DAA8-4199-89DC-602E075DAF38}.Debug|Any CPU.ActiveCfg = Debug|Any CPU
		{61A07AB7-DAA8-4199-89DC-602E075DAF38}.Debug|Any CPU.Build.0 = Debug|Any CPU
		{61A07AB7-DAA8-4199-89DC-602E075DAF38}.Release|Any CPU.ActiveCfg = Release|Any CPU
		{61A07AB7-DAA8-4199-89DC-602E075DAF38}.Release|Any CPU.Build.0 = Release|Any CPU
		{512ADA04-B7E0-4C24-9851-A710884A24B2}.Debug|Any CPU.ActiveCfg = Debug|Any CPU
		{512ADA04-B7E0-4C24-9851-A710884A24B2}.Debug|Any CPU.Build.0 = Debug|Any CPU
		{512ADA04-B7E0-4C24-9851-A710884A24B2}.Release|Any CPU.ActiveCfg = Release|Any CPU
		{512ADA04-B7E0-4C24-9851-A710884A24B2}.Release|Any CPU.Build.0 = Release|Any CPU
		{AFC3A096-D4D7-415E-A048-DFBC6DE8D11D}.Debug|Any CPU.ActiveCfg = Debug|Any CPU
		{AFC3A096-D4D7-415E-A048-DFBC6DE8D11D}.Debug|Any CPU.Build.0 = Debug|Any CPU
		{AFC3A096-D4D7-415E-A048-DFBC6DE8D11D}.Release|Any CPU.ActiveCfg = Release|Any CPU
		{AFC3A096-D4D7-415E-A048-DFBC6DE8D11D}.Release|Any CPU.Build.0 = Release|Any CPU
		{99D2CDB3-4251-4113-985D-A03895E75CCB}.Debug|Any CPU.ActiveCfg = Debug|Any CPU
		{99D2CDB3-4251-4113-985D-A03895E75CCB}.Debug|Any CPU.Build.0 = Debug|Any CPU
		{99D2CDB3-4251-4113-985D-A03895E75CCB}.Release|Any CPU.ActiveCfg = Release|Any CPU
		{99D2CDB3-4251-4113-985D-A03895E75CCB}.Release|Any CPU.Build.0 = Release|Any CPU
		{987B789A-54D3-475E-9C6D-9B6DD5C0C7D9}.Debug|Any CPU.ActiveCfg = Debug|Any CPU
		{987B789A-54D3-475E-9C6D-9B6DD5C0C7D9}.Debug|Any CPU.Build.0 = Debug|Any CPU
		{987B789A-54D3-475E-9C6D-9B6DD5C0C7D9}.Release|Any CPU.ActiveCfg = Release|Any CPU
		{987B789A-54D3-475E-9C6D-9B6DD5C0C7D9}.Release|Any CPU.Build.0 = Release|Any CPU
		{83C52F2C-5CEC-4A55-B164-5E26D4BC2377}.Debug|Any CPU.ActiveCfg = Debug|Any CPU
		{83C52F2C-5CEC-4A55-B164-5E26D4BC2377}.Debug|Any CPU.Build.0 = Debug|Any CPU
		{83C52F2C-5CEC-4A55-B164-5E26D4BC2377}.Release|Any CPU.ActiveCfg = Release|Any CPU
		{83C52F2C-5CEC-4A55-B164-5E26D4BC2377}.Release|Any CPU.Build.0 = Release|Any CPU
		{1D944C0C-DA51-429B-95D2-5B334F262354}.Debug|Any CPU.ActiveCfg = Debug|Any CPU
		{1D944C0C-DA51-429B-95D2-5B334F262354}.Debug|Any CPU.Build.0 = Debug|Any CPU
		{1D944C0C-DA51-429B-95D2-5B334F262354}.Release|Any CPU.ActiveCfg = Release|Any CPU
		{1D944C0C-DA51-429B-95D2-5B334F262354}.Release|Any CPU.Build.0 = Release|Any CPU
		{DE078977-5662-47D2-9A27-F33FBA26E280}.Debug|Any CPU.ActiveCfg = Debug|Any CPU
		{DE078977-5662-47D2-9A27-F33FBA26E280}.Debug|Any CPU.Build.0 = Debug|Any CPU
		{DE078977-5662-47D2-9A27-F33FBA26E280}.Release|Any CPU.ActiveCfg = Release|Any CPU
		{DE078977-5662-47D2-9A27-F33FBA26E280}.Release|Any CPU.Build.0 = Release|Any CPU
		{8456A0E5-9E2D-4FD6-A3A4-E3DE958EC1D8}.Debug|Any CPU.ActiveCfg = Debug|Any CPU
		{8456A0E5-9E2D-4FD6-A3A4-E3DE958EC1D8}.Debug|Any CPU.Build.0 = Debug|Any CPU
		{8456A0E5-9E2D-4FD6-A3A4-E3DE958EC1D8}.Release|Any CPU.ActiveCfg = Release|Any CPU
		{8456A0E5-9E2D-4FD6-A3A4-E3DE958EC1D8}.Release|Any CPU.Build.0 = Release|Any CPU
	EndGlobalSection
	GlobalSection(SolutionProperties) = preSolution
		HideSolutionNode = FALSE
	EndGlobalSection
	GlobalSection(NestedProjects) = preSolution
		{A10E25B2-4D21-4AF6-AED3-2BC0F52D5C06} = {33298FEE-8E9D-4DFA-93AA-2D5542BE8E93}
		{5D62DCE8-C558-4602-B502-88BC53C32FA7} = {119EBB64-EB3F-4CAC-BE01-D27D0BFFC717}
		{34AC4132-D267-401B-A3DC-68A2D4C79AC6} = {A349615E-D70F-4070-B705-DD9959A9EC95}
		{61A07AB7-DAA8-4199-89DC-602E075DAF38} = {A699AE8B-4198-42E8-B625-E8CA9088B696}
		{512ADA04-B7E0-4C24-9851-A710884A24B2} = {46B83F4D-C6F3-450A-B7D1-0B78FC22B7D3}
		{AFC3A096-D4D7-415E-A048-DFBC6DE8D11D} = {47E253E1-FAE3-4D40-92FA-9D780B0FE9BF}
		{99D2CDB3-4251-4113-985D-A03895E75CCB} = {47E253E1-FAE3-4D40-92FA-9D780B0FE9BF}
		{987B789A-54D3-475E-9C6D-9B6DD5C0C7D9} = {0AF1B62C-11C4-462B-854C-415AD766A65C}
		{83C52F2C-5CEC-4A55-B164-5E26D4BC2377} = {0AF1B62C-11C4-462B-854C-415AD766A65C}
		{1D944C0C-DA51-429B-95D2-5B334F262354} = {5AC7CEFD-B765-4B46-84D3-C27525F835E0}
		{DE078977-5662-47D2-9A27-F33FBA26E280} = {AE31C59B-53D3-4508-B463-CCD2ABA9A6BC}
		{8456A0E5-9E2D-4FD6-A3A4-E3DE958EC1D8} = {95C50A7C-3235-4945-A6B4-B62DB55FD338}
	EndGlobalSection
	GlobalSection(ExtensibilityGlobals) = postSolution
		SolutionGuid = {8216C72B-B412-4BBA-9633-653E9A2C6B0A}
	EndGlobalSection
EndGlobal
